
Microsoft Visual Studio Solution File, Format Version 12.00
# Visual Studio 15
VisualStudioVersion = 15.0.26730.16
MinimumVisualStudioVersion = 10.0.40219.1
Project("{FAE04EC0-301F-11D3-BF4B-00C04F79EFBC}") = "ConsoleApp1", "ConsoleApp1\ConsoleApp1.csproj", "{5FD8916C-F3E6-4F97-9680-4C01CE8A142D}"
EndProject
Global
	GlobalSection(SolutionConfigurationPlatforms) = preSolution
		Debug|Any CPU = Debug|Any CPU
		Release|Any CPU = Release|Any CPU
	EndGlobalSection
	GlobalSection(ProjectConfigurationPlatforms) = postSolution
		{5FD8916C-F3E6-4F97-9680-4C01CE8A142D}.Debug|Any CPU.ActiveCfg = Debug|Any CPU
		{5FD8916C-F3E6-4F97-9680-4C01CE8A142D}.Debug|Any CPU.Build.0 = Debug|Any CPU
		{5FD8916C-F3E6-4F97-9680-4C01CE8A142D}.Release|Any CPU.ActiveCfg = Release|Any CPU
		{5FD8916C-F3E6-4F97-9680-4C01CE8A142D}.Release|Any CPU.Build.0 = Release|Any CPU
	EndGlobalSection
	GlobalSection(SolutionProperties) = preSolution
		HideSolutionNode = FALSE
	EndGlobalSection
	GlobalSection(ExtensibilityGlobals) = postSolution
		SolutionGuid = {24A31858-0523-4AD7-9A91-C574DAAA9EC4}
	EndGlobalSection
EndGlobal
